version = 1
requires-python = ">=3.11"

[[package]]
name = "pathvis"
version = "0.1.0"
source = { virtual = "." }
dependencies = [
    { name = "pybullet" },
]

[package.metadata]
requires-dist = [{ name = "pybullet", specifier = ">=3.2.6" }]

[[package]]
name = "pybullet"
version = "3.2.6"
source = { registry = "https://pypi.org/simple" }
sdist = { url = "https://files.pythonhosted.org/packages/39/a6/6d6a8c535b82460527edc04b5fbf0374541d041668515e35822e53d7f66f/pybullet-3.2.6.tar.gz", hash = "sha256:da27525433c88698dc9fd8bc20fa4ae4d07738b4656633659ebd82c2d2884e08", size = 80510020 }
wheels = [
    { url = "https://files.pythonhosted.org/packages/e5/bc/61a4ceaedf116f1405d385cd797bcbdcc6ce26066144335696ef15453b83/pybullet-3.2.6-cp311-cp311-manylinux_2_17_x86_64.manylinux2014_x86_64.whl", hash = "sha256:a476d51726efa7aabe1dc8c4ee676b78bcd9fc19d4a2ce9776f2c9a9dacd9e8b", size = 103195906 },
]
